// !$*UTF8*$!
{
	archiveVersion = 1;
	classes = {
	};
	objectVersion = 50;
	objects = {

/* Begin PBXBuildFile section */
		AE66A3F2210C13E7005E6A69 /* AppDelegate.swift in Sources */ = {isa = PBXBuildFile; fileRef = AE66A3F1210C13E7005E6A69 /* AppDelegate.swift */; };
		AE66A3F4210C13E7005E6A69 /* art.scnassets in Resources */ = {isa = PBXBuildFile; fileRef = AE66A3F3210C13E7005E6A69 /* art.scnassets */; };
		AE66A3F6210C13E7005E6A69 /* ViewController.swift in Sources */ = {isa = PBXBuildFile; fileRef = AE66A3F5210C13E7005E6A69 /* ViewController.swift */; };
		AE66A3F9210C13E7005E6A69 /* Main.storyboard in Resources */ = {isa = PBXBuildFile; fileRef = AE66A3F7210C13E7005E6A69 /* Main.storyboard */; };
		AE66A3FB210C13E9005E6A69 /* Assets.xcassets in Resources */ = {isa = PBXBuildFile; fileRef = AE66A3FA210C13E9005E6A69 /* Assets.xcassets */; };
		AE66A3FE210C13E9005E6A69 /* LaunchScreen.storyboard in Resources */ = {isa = PBXBuildFile; fileRef = AE66A3FC210C13E9005E6A69 /* LaunchScreen.storyboard */; };
/* End PBXBuildFile section */

/* Begin PBXFileReference section */
		AE66A3EE210C13E7005E6A69 /* Miku Show.app */ = {isa = PBXFileReference; explicitFileType = wrapper.application; includeInIndex = 0; path = "Miku Show.app"; sourceTree = BUILT_PRODUCTS_DIR; };
		AE66A3F1210C13E7005E6A69 /* AppDelegate.swift */ = {isa = PBXFileReference; lastKnownFileType = sourcecode.swift; path = AppDelegate.swift; sourceTree = "<group>"; };
		AE66A3F3210C13E7005E6A69 /* art.scnassets */ = {isa = PBXFileReference; lastKnownFileType = wrapper.scnassets; path = art.scnassets; sourceTree = "<group>"; };
		AE66A3F5210C13E7005E6A69 /* ViewController.swift */ = {isa = PBXFileReference; lastKnownFileType = sourcecode.swift; path = ViewController.swift; sourceTree = "<group>"; };
		AE66A3F8210C13E7005E6A69 /* Base */ = {isa = PBXFileReference; lastKnownFileType = file.storyboard; name = Base; path = Base.lproj/Main.storyboard; sourceTree = "<group>"; };
		AE66A3FA210C13E9005E6A69 /* Assets.xcassets */ = {isa = PBXFileReference; lastKnownFileType = folder.assetcatalog; path = Assets.xcassets; sourceTree = "<group>"; };
		AE66A3FD210C13E9005E6A69 /* Base */ = {isa = PBXFileReference; lastKnownFileType = file.storyboard; name = Base; path = Base.lproj/LaunchScreen.storyboard; sourceTree = "<group>"; };
		AE66A3FF210C13E9005E6A69 /* Info.plist */ = {isa = PBXFileReference; lastKnownFileType = text.plist.xml; path = Info.plist; sourceTree = "<group>"; };
/* End PBXFileReference section */

/* Begin PBXFrameworksBuildPhase section */
		AE66A3EB210C13E7005E6A69 /* Frameworks */ = {
			isa = PBXFrameworksBuildPhase;
			buildActionMask = 2147483647;
			files = (
			);
			runOnlyForDeploymentPostprocessing = 0;
		};
/* End PBXFrameworksBuildPhase section */

/* Begin PBXGroup section */
		AE66A3E5210C13E7005E6A69 = {
			isa = PBXGroup;
			children = (
				AE66A3F0210C13E7005E6A69 /* Miku Show */,
				AE66A3EF210C13E7005E6A69 /* Products */,
			);
			sourceTree = "<group>";
		};
		AE66A3EF210C13E7005E6A69 /* Products */ = {
			isa = PBXGroup;
			children = (
				AE66A3EE210C13E7005E6A69 /* Miku Show.app */,
			);
			name = Products;
			sourceTree = "<group>";
		};
		AE66A3F0210C13E7005E6A69 /* Miku Show */ = {
			isa = PBXGroup;
			children = (
				AE66A3F1210C13E7005E6A69 /* AppDelegate.swift */,
				AE66A3F3210C13E7005E6A69 /* art.scnassets */,
				AE66A3F5210C13E7005E6A69 /* ViewController.swift */,
				AE66A3F7210C13E7005E6A69 /* Main.storyboard */,
				AE66A3FA210C13E9005E6A69 /* Assets.xcassets */,
				AE66A3FC210C13E9005E6A69 /* LaunchScreen.storyboard */,
				AE66A3FF210C13E9005E6A69 /* Info.plist */,
			);
			path = "Miku Show";
			sourceTree = "<group>";
		};
/* End PBXGroup section */

/* Begin PBXNativeTarget section */
		AE66A3ED210C13E7005E6A69 /* Miku Show */ = {
			isa = PBXNativeTarget;
			buildConfigurationList = AE66A402210C13E9005E6A69 /* Build configuration list for PBXNativeTarget "Miku Show" */;
			buildPhases = (
				AE66A3EA210C13E7005E6A69 /* Sources */,
				AE66A3EB210C13E7005E6A69 /* Frameworks */,
				AE66A3EC210C13E7005E6A69 /* Resources */,
			);
			buildRules = (
			);
			dependencies = (
			);
			name = "Miku Show";
			productName = "Miku Show";
			productReference = AE66A3EE210C13E7005E6A69 /* Miku Show.app */;
			productType = "com.apple.product-type.application";
		};
/* End PBXNativeTarget section */

/* Begin PBXProject section */
		AE66A3E6210C13E7005E6A69 /* Project object */ = {
			isa = PBXProject;
			attributes = {
				LastSwiftUpdateCheck = 1000;
				LastUpgradeCheck = 1000;
				ORGANIZATIONNAME = "Matheus Santos";
				TargetAttributes = {
					AE66A3ED210C13E7005E6A69 = {
						CreatedOnToolsVersion = 10.0;
					};
				};
			};
			buildConfigurationList = AE66A3E9210C13E7005E6A69 /* Build configuration list for PBXProject "Miku Show" */;
			compatibilityVersion = "Xcode 9.3";
			developmentRegion = en;
			hasScannedForEncodings = 0;
			knownRegions = (
				en,
				Base,
			);
			mainGroup = AE66A3E5210C13E7005E6A69;
			productRefGroup = AE66A3EF210C13E7005E6A69 /* Products */;
			projectDirPath = "";
			projectRoot = "";
			targets = (
				AE66A3ED210C13E7005E6A69 /* Miku Show */,
			);
		};
/* End PBXProject section */

/* Begin PBXResourcesBuildPhase section */
		AE66A3EC210C13E7005E6A69 /* Resources */ = {
			isa = PBXResourcesBuildPhase;
			buildActionMask = 2147483647;
			files = (
				AE66A3F4210C13E7005E6A69 /* art.scnassets in Resources */,
				AE66A3FE210C13E9005E6A69 /* LaunchScreen.storyboard in Resources */,
				AE66A3FB210C13E9005E6A69 /* Assets.xcassets in Resources */,
				AE66A3F9210C13E7005E6A69 /* Main.storyboard in Resources */,
			);
			runOnlyForDeploymentPostprocessing = 0;
		};
/* End PBXResourcesBuildPhase section */

/* Begin PBXSourcesBuildPhase section */
		AE66A3EA210C13E7005E6A69 /* Sources */ = {
			isa = PBXSourcesBuildPhase;
			buildActionMask = 2147483647;
			files = (
				AE66A3F6210C13E7005E6A69 /* ViewController.swift in Sources */,
				AE66A3F2210C13E7005E6A69 /* AppDelegate.swift in Sources */,
			);
			runOnlyForDeploymentPostprocessing = 0;
		};
/* End PBXSourcesBuildPhase section */

/* Begin PBXVariantGroup section */
		AE66A3F7210C13E7005E6A69 /* Main.storyboard */ = {
			isa = PBXVariantGroup;
			children = (
				AE66A3F8210C13E7005E6A69 /* Base */,
			);
			name = Main.storyboard;
			sourceTree = "<group>";
		};
		AE66A3FC210C13E9005E6A69 /* LaunchScreen.storyboard */ = {
			isa = PBXVariantGroup;
			children = (
				AE66A3FD210C13E9005E6A69 /* Base */,
			);
			name = LaunchScreen.storyboard;
			sourceTree = "<group>";
		};
/* End PBXVariantGroup section */

/* Begin XCBuildConfiguration section */
		AE66A400210C13E9005E6A69 /* Debug */ = {
			isa = XCBuildConfiguration;
			buildSettings = {
				ALWAYS_SEARCH_USER_PATHS = NO;
				CLANG_ANALYZER_NONNULL = YES;
				CLANG_ANALYZER_NUMBER_OBJECT_CONVERSION = YES_AGGRESSIVE;
				CLANG_CXX_LANGUAGE_STANDARD = "gnu++14";
				CLANG_CXX_LIBRARY = "libc++";
				CLANG_ENABLE_MODULES = YES;
				CLANG_ENABLE_OBJC_ARC = YES;
				CLANG_ENABLE_OBJC_WEAK = YES;
				CLANG_WARN_BLOCK_CAPTURE_AUTORELEASING = YES;
				CLANG_WARN_BOOL_CONVERSION = YES;
				CLANG_WARN_COMMA = YES;
				CLANG_WARN_CONSTANT_CONVERSION = YES;
				CLANG_WARN_DEPRECATED_OBJC_IMPLEMENTATIONS = YES;
				CLANG_WARN_DIRECT_OBJC_ISA_USAGE = YES_ERROR;
				CLANG_WARN_DOCUMENTATION_COMMENTS = YES;
				CLANG_WARN_EMPTY_BODY = YES;
				CLANG_WARN_ENUM_CONVERSION = YES;
				CLANG_WARN_INFINITE_RECURSION = YES;
				CLANG_WARN_INT_CONVERSION = YES;
				CLANG_WARN_NON_LITERAL_NULL_CONVERSION = YES;
				CLANG_WARN_OBJC_IMPLICIT_RETAIN_SELF = YES;
				CLANG_WARN_OBJC_LITERAL_CONVERSION = YES;
				CLANG_WARN_OBJC_ROOT_CLASS = YES_ERROR;
				CLANG_WARN_RANGE_LOOP_ANALYSIS = YES;
				CLANG_WARN_STRICT_PROTOTYPES = YES;
				CLANG_WARN_SUSPICIOUS_MOVE = YES;
				CLANG_WARN_UNGUARDED_AVAILABILITY = YES_AGGRESSIVE;
				CLANG_WARN_UNREACHABLE_CODE = YES;
				CLANG_WARN__DUPLICATE_METHOD_MATCH = YES;
				CODE_SIGN_IDENTITY = "iPhone Developer";
				COPY_PHASE_STRIP = NO;
				DEBUG_INFORMATION_FORMAT = dwarf;
				ENABLE_STRICT_OBJC_MSGSEND = YES;
				ENABLE_TESTABILITY = YES;
				GCC_C_LANGUAGE_STANDARD = gnu11;
				GCC_DYNAMIC_NO_PIC = NO;
				GCC_NO_COMMON_BLOCKS = YES;
				GCC_OPTIMIZATION_LEVEL = 0;
				GCC_PREPROCESSOR_DEFINITIONS = (
					"DEBUG=1",
					"$(inherited)",
				);
				GCC_WARN_64_TO_32_BIT_CONVERSION = YES;
				GCC_WARN_ABOUT_RETURN_TYPE = YES_ERROR;
				GCC_WARN_UNDECLARED_SELECTOR = YES;
				GCC_WARN_UNINITIALIZED_AUTOS = YES_AGGRESSIVE;
				GCC_WARN_UNUSED_FUNCTION = YES;
				GCC_WARN_UNUSED_VARIABLE = YES;
				IPHONEOS_DEPLOYMENT_TARGET = 12.0;
				MTL_ENABLE_DEBUG_INFO = INCLUDE_SOURCE;
				MTL_FAST_MATH = YES;
				ONLY_ACTIVE_ARCH = YES;
				SDKROOT = iphoneos;
				SWIFT_ACTIVE_COMPILATION_CONDITIONS = DEBUG;
				SWIFT_OPTIMIZATION_LEVEL = "-Onone";
			};
			name = Debug;
		};
		AE66A401210C13E9005E6A69 /* Release */ = {
			isa = XCBuildConfiguration;
			buildSettings = {
				ALWAYS_SEARCH_USER_PATHS = NO;
				CLANG_ANALYZER_NONNULL = YES;
				CLANG_ANALYZER_NUMBER_OBJECT_CONVERSION = YES_AGGRESSIVE;
				CLANG_CXX_LANGUAGE_STANDARD = "gnu++14";
				CLANG_CXX_LIBRARY = "libc++";
				CLANG_ENABLE_MODULES = YES;
				CLANG_ENABLE_OBJC_ARC = YES;
				CLANG_ENABLE_OBJC_WEAK = YES;
				CLANG_WARN_BLOCK_CAPTURE_AUTORELEASING = YES;
				CLANG_WARN_BOOL_CONVERSION = YES;
				CLANG_WARN_COMMA = YES;
				CLANG_WARN_CONSTANT_CONVERSION = YES;
				CLANG_WARN_DEPRECATED_OBJC_IMPLEMENTATIONS = YES;
				CLANG_WARN_DIRECT_OBJC_ISA_USAGE = YES_ERROR;
				CLANG_WARN_DOCUMENTATION_COMMENTS = YES;
				CLANG_WARN_EMPTY_BODY = YES;
				CLANG_WARN_ENUM_CONVERSION = YES;
				CLANG_WARN_INFINITE_RECURSION = YES;
				CLANG_WARN_INT_CONVERSION = YES;
				CLANG_WARN_NON_LITERAL_NULL_CONVERSION = YES;
				CLANG_WARN_OBJC_IMPLICIT_RETAIN_SELF = YES;
				CLANG_WARN_OBJC_LITERAL_CONVERSION = YES;
				CLANG_WARN_OBJC_ROOT_CLASS = YES_ERROR;
				CLANG_WARN_RANGE_LOOP_ANALYSIS = YES;
				CLANG_WARN_STRICT_PROTOTYPES = YES;
				CLANG_WARN_SUSPICIOUS_MOVE = YES;
				CLANG_WARN_UNGUARDED_AVAILABILITY = YES_AGGRESSIVE;
				CLANG_WARN_UNREACHABLE_CODE = YES;
				CLANG_WARN__DUPLICATE_METHOD_MATCH = YES;
				CODE_SIGN_IDENTITY = "iPhone Developer";
				COPY_PHASE_STRIP = NO;
				DEBUG_INFORMATION_FORMAT = "dwarf-with-dsym";
				ENABLE_NS_ASSERTIONS = NO;
				ENABLE_STRICT_OBJC_MSGSEND = YES;
				GCC_C_LANGUAGE_STANDARD = gnu11;
				GCC_NO_COMMON_BLOCKS = YES;
				GCC_WARN_64_TO_32_BIT_CONVERSION = YES;
				GCC_WARN_ABOUT_RETURN_TYPE = YES_ERROR;
				GCC_WARN_UNDECLARED_SELECTOR = YES;
				GCC_WARN_UNINITIALIZED_AUTOS = YES_AGGRESSIVE;
				GCC_WARN_UNUSED_FUNCTION = YES;
				GCC_WARN_UNUSED_VARIABLE = YES;
				IPHONEOS_DEPLOYMENT_TARGET = 12.0;
				MTL_ENABLE_DEBUG_INFO = NO;
				MTL_FAST_MATH = YES;
				SDKROOT = iphoneos;
				SWIFT_COMPILATION_MODE = wholemodule;
				SWIFT_OPTIMIZATION_LEVEL = "-O";
				VALIDATE_PRODUCT = YES;
			};
			name = Release;
		};
		AE66A403210C13E9005E6A69 /* Debug */ = {
			isa = XCBuildConfiguration;
			buildSettings = {
				ASSETCATALOG_COMPILER_APPICON_NAME = AppIcon;
				CODE_SIGN_STYLE = Automatic;
				DEVELOPMENT_TEAM = 4S5SC5BABS;
				INFOPLIST_FILE = "Miku Show/Info.plist";
				LD_RUNPATH_SEARCH_PATHS = (
					"$(inherited)",
					"@executable_path/Frameworks",
				);
				PRODUCT_BUNDLE_IDENTIFIER = "com.matheus.tusi.Miku-Show";
				PRODUCT_NAME = "$(TARGET_NAME)";
				SWIFT_VERSION = 4.2;
				TARGETED_DEVICE_FAMILY = "1,2";
			};
			name = Debug;
		};
		AE66A404210C13E9005E6A69 /* Release */ = {
			isa = XCBuildConfiguration;
			buildSettings = {
				ASSETCATALOG_COMPILER_APPICON_NAME = AppIcon;
				CODE_SIGN_STYLE = Automatic;
				DEVELOPMENT_TEAM = 4S5SC5BABS;
				INFOPLIST_FILE = "Miku Show/Info.plist";
				LD_RUNPATH_SEARCH_PATHS = (
					"$(inherited)",
					"@executable_path/Frameworks",
				);
				PRODUCT_BUNDLE_IDENTIFIER = "com.matheus.tusi.Miku-Show";
				PRODUCT_NAME = "$(TARGET_NAME)";
				SWIFT_VERSION = 4.2;
				TARGETED_DEVICE_FAMILY = "1,2";
			};
			name = Release;
		};
/* End XCBuildConfiguration section */

/* Begin XCConfigurationList section */
		AE66A3E9210C13E7005E6A69 /* Build configuration list for PBXProject "Miku Show" */ = {
			isa = XCConfigurationList;
			buildConfigurations = (
				AE66A400210C13E9005E6A69 /* Debug */,
				AE66A401210C13E9005E6A69 /* Release */,
			);
			defaultConfigurationIsVisible = 0;
			defaultConfigurationName = Release;
		};
		AE66A402210C13E9005E6A69 /* Build configuration list for PBXNativeTarget "Miku Show" */ = {
			isa = XCConfigurationList;
			buildConfigurations = (
				AE66A403210C13E9005E6A69 /* Debug */,
				AE66A404210C13E9005E6A69 /* Release */,
			);
			defaultConfigurationIsVisible = 0;
			defaultConfigurationName = Release;
		};
/* End XCConfigurationList section */
	};
	rootObject = AE66A3E6210C13E7005E6A69 /* Project object */;
}
